
Microsoft Visual Studio Solution File, Format Version 12.00
# Visual Studio Version 17
VisualStudioVersion = 17.1.32421.90
MinimumVisualStudioVersion = 10.0.40219.1
Project("{8BC9CEB8-8B4A-11D0-8D11-00A0C91BC942}") = "SuperAutoClicker", "src\SuperAutoClicker\SuperAutoClicker.vcxproj", "{A2A7ACA6-E1D1-48A9-A4F4-85B8C3BD74A5}"
	ProjectSection(ProjectDependencies) = postProject
		{8AC34E56-9E83-404E-B05C-8CF36CD8DFBC} = {8AC34E56-9E83-404E-B05C-8CF36CD8DFBC}
		{104D7264-F247-4C4A-9DDD-C98CCE24D481} = {104D7264-F247-4C4A-9DDD-C98CCE24D481}
		{8E2255BB-49F7-4561-AFC4-8D02BBBDE9E7} = {8E2255BB-49F7-4561-AFC4-8D02BBBDE9E7}
	EndProjectSection
EndProject
Project("{8BC9CEB8-8B4A-11D0-8D11-00A0C91BC942}") = "InputHook", "src\InputHook\InputHook.vcxproj", "{8AC34E56-9E83-404E-B05C-8CF36CD8DFBC}"
	ProjectSection(ProjectDependencies) = postProject
		{104D7264-F247-4C4A-9DDD-C98CCE24D481} = {104D7264-F247-4C4A-9DDD-C98CCE24D481}
	EndProjectSection
EndProject
Project("{8BC9CEB8-8B4A-11D0-8D11-00A0C91BC942}") = "CommonLib", "src\CommonLib\CommonLib.vcxproj", "{104D7264-F247-4C4A-9DDD-C98CCE24D481}"
EndProject
Project("{8BC9CEB8-8B4A-11D0-8D11-00A0C91BC942}") = "Installer", "src\Installer\Installer.vcxproj", "{3DD2892D-655C-4E28-9EC1-A9E02CDE52AC}"
	ProjectSection(ProjectDependencies) = postProject
		{8AC34E56-9E83-404E-B05C-8CF36CD8DFBC} = {8AC34E56-9E83-404E-B05C-8CF36CD8DFBC}
		{104D7264-F247-4C4A-9DDD-C98CCE24D481} = {104D7264-F247-4C4A-9DDD-C98CCE24D481}
		{A2A7ACA6-E1D1-48A9-A4F4-85B8C3BD74A5} = {A2A7ACA6-E1D1-48A9-A4F4-85B8C3BD74A5}
		{8E2255BB-49F7-4561-AFC4-8D02BBBDE9E7} = {8E2255BB-49F7-4561-AFC4-8D02BBBDE9E7}
	EndProjectSection
EndProject
Project("{8BC9CEB8-8B4A-11D0-8D11-00A0C91BC942}") = "Unstaller", "src\Unstaller\Unstaller.vcxproj", "{990F8042-122F-47D4-B3FB-CCA122F296E4}"
	ProjectSection(ProjectDependencies) = postProject
		{3DD2892D-655C-4E28-9EC1-A9E02CDE52AC} = {3DD2892D-655C-4E28-9EC1-A9E02CDE52AC}
		{8AC34E56-9E83-404E-B05C-8CF36CD8DFBC} = {8AC34E56-9E83-404E-B05C-8CF36CD8DFBC}
		{104D7264-F247-4C4A-9DDD-C98CCE24D481} = {104D7264-F247-4C4A-9DDD-C98CCE24D481}
		{A2A7ACA6-E1D1-48A9-A4F4-85B8C3BD74A5} = {A2A7ACA6-E1D1-48A9-A4F4-85B8C3BD74A5}
		{8E2255BB-49F7-4561-AFC4-8D02BBBDE9E7} = {8E2255BB-49F7-4561-AFC4-8D02BBBDE9E7}
	EndProjectSection
EndProject
Project("{8BC9CEB8-8B4A-11D0-8D11-00A0C91BC942}") = "PowerKit", "src\PowerKit\PowerKit.vcxproj", "{8E2255BB-49F7-4561-AFC4-8D02BBBDE9E7}"
	ProjectSection(ProjectDependencies) = postProject
		{8AC34E56-9E83-404E-B05C-8CF36CD8DFBC} = {8AC34E56-9E83-404E-B05C-8CF36CD8DFBC}
		{104D7264-F247-4C4A-9DDD-C98CCE24D481} = {104D7264-F247-4C4A-9DDD-C98CCE24D481}
	EndProjectSection
EndProject
Project("{2150E333-8FDC-42A3-9474-1A3956D46DE8}") = "base", "base", "{43B286EF-04A0-41C4-A74C-E1CE75EE01FC}"
EndProject
Project("{2150E333-8FDC-42A3-9474-1A3956D46DE8}") = "exe", "exe", "{48212F01-CCEC-488B-9366-9A5A38C31A96}"
EndProject
Global
	GlobalSection(SolutionConfigurationPlatforms) = preSolution
		Debug|x86 = Debug|x86
		Release|x86 = Release|x86
	EndGlobalSection
	GlobalSection(ProjectConfigurationPlatforms) = postSolution
		{A2A7ACA6-E1D1-48A9-A4F4-85B8C3BD74A5}.Debug|x86.ActiveCfg = Debug|Win32
		{A2A7ACA6-E1D1-48A9-A4F4-85B8C3BD74A5}.Debug|x86.Build.0 = Debug|Win32
		{A2A7ACA6-E1D1-48A9-A4F4-85B8C3BD74A5}.Release|x86.ActiveCfg = Release|Win32
		{A2A7ACA6-E1D1-48A9-A4F4-85B8C3BD74A5}.Release|x86.Build.0 = Release|Win32
		{8AC34E56-9E83-404E-B05C-8CF36CD8DFBC}.Debug|x86.ActiveCfg = Debug|Win32
		{8AC34E56-9E83-404E-B05C-8CF36CD8DFBC}.Debug|x86.Build.0 = Debug|Win32
		{8AC34E56-9E83-404E-B05C-8CF36CD8DFBC}.Release|x86.ActiveCfg = Release|Win32
		{8AC34E56-9E83-404E-B05C-8CF36CD8DFBC}.Release|x86.Build.0 = Release|Win32
		{104D7264-F247-4C4A-9DDD-C98CCE24D481}.Debug|x86.ActiveCfg = Debug|Win32
		{104D7264-F247-4C4A-9DDD-C98CCE24D481}.Debug|x86.Build.0 = Debug|Win32
		{104D7264-F247-4C4A-9DDD-C98CCE24D481}.Release|x86.ActiveCfg = Release|Win32
		{104D7264-F247-4C4A-9DDD-C98CCE24D481}.Release|x86.Build.0 = Release|Win32
		{3DD2892D-655C-4E28-9EC1-A9E02CDE52AC}.Debug|x86.ActiveCfg = Debug|Win32
		{3DD2892D-655C-4E28-9EC1-A9E02CDE52AC}.Debug|x86.Build.0 = Debug|Win32
		{3DD2892D-655C-4E28-9EC1-A9E02CDE52AC}.Release|x86.ActiveCfg = Release|Win32
		{3DD2892D-655C-4E28-9EC1-A9E02CDE52AC}.Release|x86.Build.0 = Release|Win32
		{990F8042-122F-47D4-B3FB-CCA122F296E4}.Debug|x86.ActiveCfg = Debug|Win32
		{990F8042-122F-47D4-B3FB-CCA122F296E4}.Debug|x86.Build.0 = Debug|Win32
		{990F8042-122F-47D4-B3FB-CCA122F296E4}.Release|x86.ActiveCfg = Release|Win32
		{990F8042-122F-47D4-B3FB-CCA122F296E4}.Release|x86.Build.0 = Release|Win32
		{8E2255BB-49F7-4561-AFC4-8D02BBBDE9E7}.Debug|x86.ActiveCfg = Debug|Win32
		{8E2255BB-49F7-4561-AFC4-8D02BBBDE9E7}.Debug|x86.Build.0 = Debug|Win32
		{8E2255BB-49F7-4561-AFC4-8D02BBBDE9E7}.Release|x86.ActiveCfg = Release|Win32
		{8E2255BB-49F7-4561-AFC4-8D02BBBDE9E7}.Release|x86.Build.0 = Release|Win32
	EndGlobalSection
	GlobalSection(SolutionProperties) = preSolution
		HideSolutionNode = FALSE
	EndGlobalSection
	GlobalSection(NestedProjects) = preSolution
		{A2A7ACA6-E1D1-48A9-A4F4-85B8C3BD74A5} = {48212F01-CCEC-488B-9366-9A5A38C31A96}
		{8AC34E56-9E83-404E-B05C-8CF36CD8DFBC} = {43B286EF-04A0-41C4-A74C-E1CE75EE01FC}
		{104D7264-F247-4C4A-9DDD-C98CCE24D481} = {43B286EF-04A0-41C4-A74C-E1CE75EE01FC}
		{3DD2892D-655C-4E28-9EC1-A9E02CDE52AC} = {48212F01-CCEC-488B-9366-9A5A38C31A96}
		{990F8042-122F-47D4-B3FB-CCA122F296E4} = {48212F01-CCEC-488B-9366-9A5A38C31A96}
		{8E2255BB-49F7-4561-AFC4-8D02BBBDE9E7} = {43B286EF-04A0-41C4-A74C-E1CE75EE01FC}
	EndGlobalSection
	GlobalSection(ExtensibilityGlobals) = postSolution
		Qt5Version = Qt 5.6.2
		SolutionGuid = {E90D746F-3615-4D86-935D-D1F8C5675D94}
	EndGlobalSection
EndGlobal
